
Microsoft Visual Studio Solution File, Format Version 12.00
# Visual Studio 14
VisualStudioVersion = 14.0.25420.1
MinimumVisualStudioVersion = 10.0.40219.1
Project("{FAE04EC0-301F-11D3-BF4B-00C04F79EFBC}") = "Klarna.Settlements", "Klarna.Settlements\Klarna.Settlements.csproj", "{861F0325-4ED4-4943-88A1-2674B9ECE766}"
EndProject
Project("{FAE04EC0-301F-11D3-BF4B-00C04F79EFBC}") = "Klarna.Settlements.Test", "Klarna.Settlements.Test\Klarna.Settlements.Test.csproj", "{3C56FDBC-3591-49C5-821A-E6C51678A593}"
EndProject
Global
	GlobalSection(SolutionConfigurationPlatforms) = preSolution
		Debug|Any CPU = Debug|Any CPU
		Release|Any CPU = Release|Any CPU
	EndGlobalSection
	GlobalSection(ProjectConfigurationPlatforms) = postSolution
		{861F0325-4ED4-4943-88A1-2674B9ECE766}.Debug|Any CPU.ActiveCfg = Debug|Any CPU
		{861F0325-4ED4-4943-88A1-2674B9ECE766}.Debug|Any CPU.Build.0 = Debug|Any CPU
		{861F0325-4ED4-4943-88A1-2674B9ECE766}.Release|Any CPU.ActiveCfg = Release|Any CPU
		{861F0325-4ED4-4943-88A1-2674B9ECE766}.Release|Any CPU.Build.0 = Release|Any CPU
		{3C56FDBC-3591-49C5-821A-E6C51678A593}.Debug|Any CPU.ActiveCfg = Debug|Any CPU
		{3C56FDBC-3591-49C5-821A-E6C51678A593}.Debug|Any CPU.Build.0 = Debug|Any CPU
		{3C56FDBC-3591-49C5-821A-E6C51678A593}.Release|Any CPU.ActiveCfg = Release|Any CPU
		{3C56FDBC-3591-49C5-821A-E6C51678A593}.Release|Any CPU.Build.0 = Release|Any CPU
	EndGlobalSection
	GlobalSection(SolutionProperties) = preSolution
		HideSolutionNode = FALSE
	EndGlobalSection
EndGlobal
